
Microsoft Visual Studio Solution File, Format Version 12.00
# Visual Studio Version 16
VisualStudioVersion = 16.0.28803.156
MinimumVisualStudioVersion = 10.0.40219.1
Project("{FAE04EC0-301F-11D3-BF4B-00C04F79EFBC}") = "WorldWide.Web", "WorldWide.Web\WorldWide.Web.csproj", "{4C2A0E52-6274-431C-8DDA-87C2F1469ED3}"
EndProject
Project("{FAE04EC0-301F-11D3-BF4B-00C04F79EFBC}") = "WorldWide.Core", "WorldWide.Core\WorldWide.Core.csproj", "{401CB557-52A9-41ED-A92A-A46F603DB590}"
EndProject
Global
	GlobalSection(SolutionConfigurationPlatforms) = preSolution
		Debug|Any CPU = Debug|Any CPU
		Release|Any CPU = Release|Any CPU
	EndGlobalSection
	GlobalSection(ProjectConfigurationPlatforms) = postSolution
		{4C2A0E52-6274-431C-8DDA-87C2F1469ED3}.Debug|Any CPU.ActiveCfg = Debug|Any CPU
		{4C2A0E52-6274-431C-8DDA-87C2F1469ED3}.Debug|Any CPU.Build.0 = Debug|Any CPU
		{4C2A0E52-6274-431C-8DDA-87C2F1469ED3}.Release|Any CPU.ActiveCfg = Release|Any CPU
		{4C2A0E52-6274-431C-8DDA-87C2F1469ED3}.Release|Any CPU.Build.0 = Release|Any CPU
		{401CB557-52A9-41ED-A92A-A46F603DB590}.Debug|Any CPU.ActiveCfg = Debug|Any CPU
		{401CB557-52A9-41ED-A92A-A46F603DB590}.Debug|Any CPU.Build.0 = Debug|Any CPU
		{401CB557-52A9-41ED-A92A-A46F603DB590}.Release|Any CPU.ActiveCfg = Release|Any CPU
		{401CB557-52A9-41ED-A92A-A46F603DB590}.Release|Any CPU.Build.0 = Release|Any CPU
	EndGlobalSection
	GlobalSection(SolutionProperties) = preSolution
		HideSolutionNode = FALSE
	EndGlobalSection
	GlobalSection(ExtensibilityGlobals) = postSolution
		SolutionGuid = {DACDA63A-D32D-41AD-B651-F39C3428D42C}
	EndGlobalSection
EndGlobal
